<?xml version="1.0" encoding="utf-8"?>
<Project ToolsVersion="4.0" xmlns="http://schemas.microsoft.com/developer/msbuild/2003">
  <ItemGroup>
    <Filter Include="Source Files">
      <UniqueIdentifier>{4FC737F1-C7A5-4376-A066-2A32D752A2FF}</UniqueIdentifier>
      <Extensions>cpp;c;cc;cxx;def;odl;idl;hpj;bat;asm;asmx</Extensions>
    </Filter>
    <Filter Include="Header Files">
      <UniqueIdentifier>{93995380-89BD-4b04-88EB-625FBE52EBFB}</UniqueIdentifier>
      <Extensions>h;hh;hpp;hxx;hm;inl;inc;xsd</Extensions>
    </Filter>
    <Filter Include="Resource Files">
      <UniqueIdentifier>{67DA6AB6-F800-4c08-8B7A-83BB121AAD01}</UniqueIdentifier>
      <Extensions>rc;ico;cur;bmp;dlg;rc2;rct;bin;rgs;gif;jpg;jpeg;jpe;resx;tiff;tif;png;wav;mfcribbon-ms</Extensions>
    </Filter>
  </ItemGroup>
  <ItemGroup>
    <ClCompile Include="Source.cpp">
      <Filter>Source Files</Filter>
    </ClCompile>
    <ClCompile Include="rotateNinety.cpp">
      <Filter>Source Files</Filter>
    </ClCompile>
    <ClCompile Include="zigZag.cpp">
      <Filter>Source Files</Filter>
    </ClCompile>
    <ClCompile Include="periodicSequence.cpp">
      <Filter>Source Files</Filter>
    </ClCompile>
    <ClCompile Include="Sudoku2.cpp">
      <Filter>Source Files</Filter>
    </ClCompile>
    <ClCompile Include="isCryptSolution.cpp">
      <Filter>Source Files</Filter>
    </ClCompile>
    <ClCompile Include="removeFromKList.cpp">
      <Filter>Source Files</Filter>
    </ClCompile>
    <ClCompile Include="isPalindromeLinkdList.cpp">
      <Filter>Source Files</Filter>
    </ClCompile>
    <ClCompile Include="addTwoHugeNumbers.cpp">
      <Filter>Source Files</Filter>
    </ClCompile>
    <ClCompile Include="mergeTwoLinkedLists.cpp">
      <Filter>Source Files</Filter>
    </ClCompile>
    <ClCompile Include="uberBotChallenges.cpp">
      <Filter>Source Files</Filter>
    </ClCompile>
    <ClCompile Include="thumbTackChallenge.cpp">
      <Filter>Source Files</Filter>
    </ClCompile>
    <ClCompile Include="asanaBot.cpp">
      <Filter>Source Files</Filter>
    </ClCompile>
    <ClCompile Include="ReverseListINKGROUPS.cpp">
      <Filter>Source Files</Filter>
    </ClCompile>
    <ClCompile Include="RearrangeN.cpp">
      <Filter>Source Files</Filter>
    </ClCompile>
    <ClCompile Include="groupingDishes.cpp">
      <Filter>Source Files</Filter>
    </ClCompile>
    <ClCompile Include="areFollowingPatterns.cpp">
      <Filter>Source Files</Filter>
    </ClCompile>
    <ClCompile Include="containCloseNums.cpp">
      <Filter>Source Files</Filter>
    </ClCompile>
    <ClCompile Include="possibleSums.cpp">
      <Filter>Source Files</Filter>
    </ClCompile>
    <ClCompile Include="swapLexOrder.cpp">
      <Filter>Source Files</Filter>
    </ClCompile>
    <ClCompile Include="hasPathWithSumcpp.cpp">
      <Filter>Source Files</Filter>
    </ClCompile>
    <ClCompile Include="isTreeSymmetric.cpp">
      <Filter>Source Files</Filter>
    </ClCompile>
    <ClCompile Include="LinkedListFunctions.cpp">
      <Filter>Source Files</Filter>
    </ClCompile>
    <ClCompile Include="KthLargestElement.cpp">
      <Filter>Source Files</Filter>
    </ClCompile>
    <ClCompile Include="findProfession.cpp">
      <Filter>Source Files</Filter>
    </ClCompile>
    <ClCompile Include="isSubTree.cpp">
      <Filter>Source Files</Filter>
    </ClCompile>
    <ClCompile Include="RestoreBinaryTree.cpp">
      <Filter>Source Files</Filter>
    </ClCompile>
    <ClCompile Include="spaceBotChallenge.cpp">
      <Filter>Source Files</Filter>
    </ClCompile>
  </ItemGroup>
  <ItemGroup>
    <None Include="possibleSums.py">
      <Filter>Source Files</Filter>
    </None>
  </ItemGroup>
  <ItemGroup>
    <ClInclude Include="Aho_CoraSick.h">
      <Filter>Header Files</Filter>
    </ClInclude>
  </ItemGroup>
</Project>